// !$*UTF8*$!
{
	archiveVersion = 1;
	classes = {
	};
	objectVersion = 56;
	objects = {

/* Begin PBXBuildFile section */
		DDDAFCF62922461500C58634 /* AppDelegate.swift in Sources */ = {isa = PBXBuildFile; fileRef = DDDAFCF52922461500C58634 /* AppDelegate.swift */; };
		DDDAFCF82922461500C58634 /* SceneDelegate.swift in Sources */ = {isa = PBXBuildFile; fileRef = DDDAFCF72922461500C58634 /* SceneDelegate.swift */; };
		DDDAFCFA2922461500C58634 /* ViewController.swift in Sources */ = {isa = PBXBuildFile; fileRef = DDDAFCF92922461500C58634 /* ViewController.swift */; };
		DDDAFCFD2922461500C58634 /* Main.storyboard in Resources */ = {isa = PBXBuildFile; fileRef = DDDAFCFB2922461500C58634 /* Main.storyboard */; };
		DDDAFCFF2922461700C58634 /* Assets.xcassets in Resources */ = {isa = PBXBuildFile; fileRef = DDDAFCFE2922461700C58634 /* Assets.xcassets */; };
		DDDAFD022922461700C58634 /* LaunchScreen.storyboard in Resources */ = {isa = PBXBuildFile; fileRef = DDDAFD002922461700C58634 /* LaunchScreen.storyboard */; };
		DDDAFD0D2922461700C58634 /* testFastlaneTests.swift in Sources */ = {isa = PBXBuildFile; fileRef = DDDAFD0C2922461700C58634 /* testFastlaneTests.swift */; };
		DDDAFD172922461700C58634 /* testFastlaneUITests.swift in Sources */ = {isa = PBXBuildFile; fileRef = DDDAFD162922461700C58634 /* testFastlaneUITests.swift */; };
		DDDAFD192922461700C58634 /* testFastlaneUITestsLaunchTests.swift in Sources */ = {isa = PBXBuildFile; fileRef = DDDAFD182922461700C58634 /* testFastlaneUITestsLaunchTests.swift */; };
/* End PBXBuildFile section */

/* Begin PBXContainerItemProxy section */
		DDDAFD092922461700C58634 /* PBXContainerItemProxy */ = {
			isa = PBXContainerItemProxy;
			containerPortal = DDDAFCEA2922461500C58634 /* Project object */;
			proxyType = 1;
			remoteGlobalIDString = DDDAFCF12922461500C58634;
			remoteInfo = testFastlane;
		};
		DDDAFD132922461700C58634 /* PBXContainerItemProxy */ = {
			isa = PBXContainerItemProxy;
			containerPortal = DDDAFCEA2922461500C58634 /* Project object */;
			proxyType = 1;
			remoteGlobalIDString = DDDAFCF12922461500C58634;
			remoteInfo = testFastlane;
		};
/* End PBXContainerItemProxy section */

/* Begin PBXFileReference section */
		DDDAFCF22922461500C58634 /* testFastlane.app */ = {isa = PBXFileReference; explicitFileType = wrapper.application; includeInIndex = 0; path = testFastlane.app; sourceTree = BUILT_PRODUCTS_DIR; };
		DDDAFCF52922461500C58634 /* AppDelegate.swift */ = {isa = PBXFileReference; lastKnownFileType = sourcecode.swift; path = AppDelegate.swift; sourceTree = "<group>"; };
		DDDAFCF72922461500C58634 /* SceneDelegate.swift */ = {isa = PBXFileReference; lastKnownFileType = sourcecode.swift; path = SceneDelegate.swift; sourceTree = "<group>"; };
		DDDAFCF92922461500C58634 /* ViewController.swift */ = {isa = PBXFileReference; lastKnownFileType = sourcecode.swift; path = ViewController.swift; sourceTree = "<group>"; };
		DDDAFCFC2922461500C58634 /* Base */ = {isa = PBXFileReference; lastKnownFileType = file.storyboard; name = Base; path = Base.lproj/Main.storyboard; sourceTree = "<group>"; };
		DDDAFCFE2922461700C58634 /* Assets.xcassets */ = {isa = PBXFileReference; lastKnownFileType = folder.assetcatalog; path = Assets.xcassets; sourceTree = "<group>"; };
		DDDAFD012922461700C58634 /* Base */ = {isa = PBXFileReference; lastKnownFileType = file.storyboard; name = Base; path = Base.lproj/LaunchScreen.storyboard; sourceTree = "<group>"; };
		DDDAFD032922461700C58634 /* Info.plist */ = {isa = PBXFileReference; lastKnownFileType = text.plist.xml; path = Info.plist; sourceTree = "<group>"; };
		DDDAFD082922461700C58634 /* testFastlaneTests.xctest */ = {isa = PBXFileReference; explicitFileType = wrapper.cfbundle; includeInIndex = 0; path = testFastlaneTests.xctest; sourceTree = BUILT_PRODUCTS_DIR; };
		DDDAFD0C2922461700C58634 /* testFastlaneTests.swift */ = {isa = PBXFileReference; lastKnownFileType = sourcecode.swift; path = testFastlaneTests.swift; sourceTree = "<group>"; };
		DDDAFD122922461700C58634 /* testFastlaneUITests.xctest */ = {isa = PBXFileReference; explicitFileType = wrapper.cfbundle; includeInIndex = 0; path = testFastlaneUITests.xctest; sourceTree = BUILT_PRODUCTS_DIR; };
		DDDAFD162922461700C58634 /* testFastlaneUITests.swift */ = {isa = PBXFileReference; lastKnownFileType = sourcecode.swift; path = testFastlaneUITests.swift; sourceTree = "<group>"; };
		DDDAFD182922461700C58634 /* testFastlaneUITestsLaunchTests.swift */ = {isa = PBXFileReference; lastKnownFileType = sourcecode.swift; path = testFastlaneUITestsLaunchTests.swift; sourceTree = "<group>"; };
/* End PBXFileReference section */

/* Begin PBXFrameworksBuildPhase section */
		DDDAFCEF2922461500C58634 /* Frameworks */ = {
			isa = PBXFrameworksBuildPhase;
			buildActionMask = 2147483647;
			files = (
			);
			runOnlyForDeploymentPostprocessing = 0;
		};
		DDDAFD052922461700C58634 /* Frameworks */ = {
			isa = PBXFrameworksBuildPhase;
			buildActionMask = 2147483647;
			files = (
			);
			runOnlyForDeploymentPostprocessing = 0;
		};
		DDDAFD0F2922461700C58634 /* Frameworks */ = {
			isa = PBXFrameworksBuildPhase;
			buildActionMask = 2147483647;
			files = (
			);
			runOnlyForDeploymentPostprocessing = 0;
		};
/* End PBXFrameworksBuildPhase section */

/* Begin PBXGroup section */
		DDDAFCE92922461500C58634 = {
			isa = PBXGroup;
			children = (
				DDDAFCF42922461500C58634 /* testFastlane */,
				DDDAFD0B2922461700C58634 /* testFastlaneTests */,
				DDDAFD152922461700C58634 /* testFastlaneUITests */,
				DDDAFCF32922461500C58634 /* Products */,
			);
			sourceTree = "<group>";
		};
		DDDAFCF32922461500C58634 /* Products */ = {
			isa = PBXGroup;
			children = (
				DDDAFCF22922461500C58634 /* testFastlane.app */,
				DDDAFD082922461700C58634 /* testFastlaneTests.xctest */,
				DDDAFD122922461700C58634 /* testFastlaneUITests.xctest */,
			);
			name = Products;
			sourceTree = "<group>";
		};
		DDDAFCF42922461500C58634 /* testFastlane */ = {
			isa = PBXGroup;
			children = (
				DDDAFCF52922461500C58634 /* AppDelegate.swift */,
				DDDAFCF72922461500C58634 /* SceneDelegate.swift */,
				DDDAFCF92922461500C58634 /* ViewController.swift */,
				DDDAFCFB2922461500C58634 /* Main.storyboard */,
				DDDAFCFE2922461700C58634 /* Assets.xcassets */,
				DDDAFD002922461700C58634 /* LaunchScreen.storyboard */,
				DDDAFD032922461700C58634 /* Info.plist */,
			);
			path = testFastlane;
			sourceTree = "<group>";
		};
		DDDAFD0B2922461700C58634 /* testFastlaneTests */ = {
			isa = PBXGroup;
			children = (
				DDDAFD0C2922461700C58634 /* testFastlaneTests.swift */,
			);
			path = testFastlaneTests;
			sourceTree = "<group>";
		};
		DDDAFD152922461700C58634 /* testFastlaneUITests */ = {
			isa = PBXGroup;
			children = (
				DDDAFD162922461700C58634 /* testFastlaneUITests.swift */,
				DDDAFD182922461700C58634 /* testFastlaneUITestsLaunchTests.swift */,
			);
			path = testFastlaneUITests;
			sourceTree = "<group>";
		};
/* End PBXGroup section */

/* Begin PBXNativeTarget section */
		DDDAFCF12922461500C58634 /* testFastlane */ = {
			isa = PBXNativeTarget;
			buildConfigurationList = DDDAFD1C2922461700C58634 /* Build configuration list for PBXNativeTarget "testFastlane" */;
			buildPhases = (
				DDDAFCEE2922461500C58634 /* Sources */,
				DDDAFCEF2922461500C58634 /* Frameworks */,
				DDDAFCF02922461500C58634 /* Resources */,
			);
			buildRules = (
			);
			dependencies = (
			);
			name = testFastlane;
			productName = testFastlane;
			productReference = DDDAFCF22922461500C58634 /* testFastlane.app */;
			productType = "com.apple.product-type.application";
		};
		DDDAFD072922461700C58634 /* testFastlaneTests */ = {
			isa = PBXNativeTarget;
			buildConfigurationList = DDDAFD1F2922461700C58634 /* Build configuration list for PBXNativeTarget "testFastlaneTests" */;
			buildPhases = (
				DDDAFD042922461700C58634 /* Sources */,
				DDDAFD052922461700C58634 /* Frameworks */,
				DDDAFD062922461700C58634 /* Resources */,
			);
			buildRules = (
			);
			dependencies = (
				DDDAFD0A2922461700C58634 /* PBXTargetDependency */,
			);
			name = testFastlaneTests;
			productName = testFastlaneTests;
			productReference = DDDAFD082922461700C58634 /* testFastlaneTests.xctest */;
			productType = "com.apple.product-type.bundle.unit-test";
		};
		DDDAFD112922461700C58634 /* testFastlaneUITests */ = {
			isa = PBXNativeTarget;
			buildConfigurationList = DDDAFD222922461700C58634 /* Build configuration list for PBXNativeTarget "testFastlaneUITests" */;
			buildPhases = (
				DDDAFD0E2922461700C58634 /* Sources */,
				DDDAFD0F2922461700C58634 /* Frameworks */,
				DDDAFD102922461700C58634 /* Resources */,
			);
			buildRules = (
			);
			dependencies = (
				DDDAFD142922461700C58634 /* PBXTargetDependency */,
			);
			name = testFastlaneUITests;
			productName = testFastlaneUITests;
			productReference = DDDAFD122922461700C58634 /* testFastlaneUITests.xctest */;
			productType = "com.apple.product-type.bundle.ui-testing";
		};
/* End PBXNativeTarget section */

/* Begin PBXProject section */
		DDDAFCEA2922461500C58634 /* Project object */ = {
			isa = PBXProject;
			attributes = {
				BuildIndependentTargetsInParallel = 1;
				LastSwiftUpdateCheck = 1410;
				LastUpgradeCheck = 1410;
				TargetAttributes = {
					DDDAFCF12922461500C58634 = {
						CreatedOnToolsVersion = 14.1;
					};
					DDDAFD072922461700C58634 = {
						CreatedOnToolsVersion = 14.1;
						TestTargetID = DDDAFCF12922461500C58634;
					};
					DDDAFD112922461700C58634 = {
						CreatedOnToolsVersion = 14.1;
						TestTargetID = DDDAFCF12922461500C58634;
					};
				};
			};
			buildConfigurationList = DDDAFCED2922461500C58634 /* Build configuration list for PBXProject "testFastlane" */;
			compatibilityVersion = "Xcode 14.0";
			developmentRegion = en;
			hasScannedForEncodings = 0;
			knownRegions = (
				en,
				Base,
			);
			mainGroup = DDDAFCE92922461500C58634;
			productRefGroup = DDDAFCF32922461500C58634 /* Products */;
			projectDirPath = "";
			projectRoot = "";
			targets = (
				DDDAFCF12922461500C58634 /* testFastlane */,
				DDDAFD072922461700C58634 /* testFastlaneTests */,
				DDDAFD112922461700C58634 /* testFastlaneUITests */,
			);
		};
/* End PBXProject section */

/* Begin PBXResourcesBuildPhase section */
		DDDAFCF02922461500C58634 /* Resources */ = {
			isa = PBXResourcesBuildPhase;
			buildActionMask = 2147483647;
			files = (
				DDDAFD022922461700C58634 /* LaunchScreen.storyboard in Resources */,
				DDDAFCFF2922461700C58634 /* Assets.xcassets in Resources */,
				DDDAFCFD2922461500C58634 /* Main.storyboard in Resources */,
			);
			runOnlyForDeploymentPostprocessing = 0;
		};
		DDDAFD062922461700C58634 /* Resources */ = {
			isa = PBXResourcesBuildPhase;
			buildActionMask = 2147483647;
			files = (
			);
			runOnlyForDeploymentPostprocessing = 0;
		};
		DDDAFD102922461700C58634 /* Resources */ = {
			isa = PBXResourcesBuildPhase;
			buildActionMask = 2147483647;
			files = (
			);
			runOnlyForDeploymentPostprocessing = 0;
		};
/* End PBXResourcesBuildPhase section */

/* Begin PBXSourcesBuildPhase section */
		DDDAFCEE2922461500C58634 /* Sources */ = {
			isa = PBXSourcesBuildPhase;
			buildActionMask = 2147483647;
			files = (
				DDDAFCFA2922461500C58634 /* ViewController.swift in Sources */,
				DDDAFCF62922461500C58634 /* AppDelegate.swift in Sources */,
				DDDAFCF82922461500C58634 /* SceneDelegate.swift in Sources */,
			);
			runOnlyForDeploymentPostprocessing = 0;
		};
		DDDAFD042922461700C58634 /* Sources */ = {
			isa = PBXSourcesBuildPhase;
			buildActionMask = 2147483647;
			files = (
				DDDAFD0D2922461700C58634 /* testFastlaneTests.swift in Sources */,
			);
			runOnlyForDeploymentPostprocessing = 0;
		};
		DDDAFD0E2922461700C58634 /* Sources */ = {
			isa = PBXSourcesBuildPhase;
			buildActionMask = 2147483647;
			files = (
				DDDAFD192922461700C58634 /* testFastlaneUITestsLaunchTests.swift in Sources */,
				DDDAFD172922461700C58634 /* testFastlaneUITests.swift in Sources */,
			);
			runOnlyForDeploymentPostprocessing = 0;
		};
/* End PBXSourcesBuildPhase section */

/* Begin PBXTargetDependency section */
		DDDAFD0A2922461700C58634 /* PBXTargetDependency */ = {
			isa = PBXTargetDependency;
			target = DDDAFCF12922461500C58634 /* testFastlane */;
			targetProxy = DDDAFD092922461700C58634 /* PBXContainerItemProxy */;
		};
		DDDAFD142922461700C58634 /* PBXTargetDependency */ = {
			isa = PBXTargetDependency;
			target = DDDAFCF12922461500C58634 /* testFastlane */;
			targetProxy = DDDAFD132922461700C58634 /* PBXContainerItemProxy */;
		};
/* End PBXTargetDependency section */

/* Begin PBXVariantGroup section */
		DDDAFCFB2922461500C58634 /* Main.storyboard */ = {
			isa = PBXVariantGroup;
			children = (
				DDDAFCFC2922461500C58634 /* Base */,
			);
			name = Main.storyboard;
			sourceTree = "<group>";
		};
		DDDAFD002922461700C58634 /* LaunchScreen.storyboard */ = {
			isa = PBXVariantGroup;
			children = (
				DDDAFD012922461700C58634 /* Base */,
			);
			name = LaunchScreen.storyboard;
			sourceTree = "<group>";
		};
/* End PBXVariantGroup section */

/* Begin XCBuildConfiguration section */
		DDDAFD1A2922461700C58634 /* Debug */ = {
			isa = XCBuildConfiguration;
			buildSettings = {
				ALWAYS_SEARCH_USER_PATHS = NO;
				CLANG_ANALYZER_NONNULL = YES;
				CLANG_ANALYZER_NUMBER_OBJECT_CONVERSION = YES_AGGRESSIVE;
				CLANG_CXX_LANGUAGE_STANDARD = "gnu++20";
				CLANG_ENABLE_MODULES = YES;
				CLANG_ENABLE_OBJC_ARC = YES;
				CLANG_ENABLE_OBJC_WEAK = YES;
				CLANG_WARN_BLOCK_CAPTURE_AUTORELEASING = YES;
				CLANG_WARN_BOOL_CONVERSION = YES;
				CLANG_WARN_COMMA = YES;
				CLANG_WARN_CONSTANT_CONVERSION = YES;
				CLANG_WARN_DEPRECATED_OBJC_IMPLEMENTATIONS = YES;
				CLANG_WARN_DIRECT_OBJC_ISA_USAGE = YES_ERROR;
				CLANG_WARN_DOCUMENTATION_COMMENTS = YES;
				CLANG_WARN_EMPTY_BODY = YES;
				CLANG_WARN_ENUM_CONVERSION = YES;
				CLANG_WARN_INFINITE_RECURSION = YES;
				CLANG_WARN_INT_CONVERSION = YES;
				CLANG_WARN_NON_LITERAL_NULL_CONVERSION = YES;
				CLANG_WARN_OBJC_IMPLICIT_RETAIN_SELF = YES;
				CLANG_WARN_OBJC_LITERAL_CONVERSION = YES;
				CLANG_WARN_OBJC_ROOT_CLASS = YES_ERROR;
				CLANG_WARN_QUOTED_INCLUDE_IN_FRAMEWORK_HEADER = YES;
				CLANG_WARN_RANGE_LOOP_ANALYSIS = YES;
				CLANG_WARN_STRICT_PROTOTYPES = YES;
				CLANG_WARN_SUSPICIOUS_MOVE = YES;
				CLANG_WARN_UNGUARDED_AVAILABILITY = YES_AGGRESSIVE;
				CLANG_WARN_UNREACHABLE_CODE = YES;
				CLANG_WARN__DUPLICATE_METHOD_MATCH = YES;
				COPY_PHASE_STRIP = NO;
				DEBUG_INFORMATION_FORMAT = dwarf;
				ENABLE_STRICT_OBJC_MSGSEND = YES;
				ENABLE_TESTABILITY = YES;
				GCC_C_LANGUAGE_STANDARD = gnu11;
				GCC_DYNAMIC_NO_PIC = NO;
				GCC_NO_COMMON_BLOCKS = YES;
				GCC_OPTIMIZATION_LEVEL = 0;
				GCC_PREPROCESSOR_DEFINITIONS = (
					"DEBUG=1",
					"$(inherited)",
				);
				GCC_WARN_64_TO_32_BIT_CONVERSION = YES;
				GCC_WARN_ABOUT_RETURN_TYPE = YES_ERROR;
				GCC_WARN_UNDECLARED_SELECTOR = YES;
				GCC_WARN_UNINITIALIZED_AUTOS = YES_AGGRESSIVE;
				GCC_WARN_UNUSED_FUNCTION = YES;
				GCC_WARN_UNUSED_VARIABLE = YES;
				IPHONEOS_DEPLOYMENT_TARGET = 16.1;
				MTL_ENABLE_DEBUG_INFO = INCLUDE_SOURCE;
				MTL_FAST_MATH = YES;
				ONLY_ACTIVE_ARCH = YES;
				SDKROOT = iphoneos;
				SWIFT_ACTIVE_COMPILATION_CONDITIONS = DEBUG;
				SWIFT_OPTIMIZATION_LEVEL = "-Onone";
			};
			name = Debug;
		};
		DDDAFD1B2922461700C58634 /* Release */ = {
			isa = XCBuildConfiguration;
			buildSettings = {
				ALWAYS_SEARCH_USER_PATHS = NO;
				CLANG_ANALYZER_NONNULL = YES;
				CLANG_ANALYZER_NUMBER_OBJECT_CONVERSION = YES_AGGRESSIVE;
				CLANG_CXX_LANGUAGE_STANDARD = "gnu++20";
				CLANG_ENABLE_MODULES = YES;
				CLANG_ENABLE_OBJC_ARC = YES;
				CLANG_ENABLE_OBJC_WEAK = YES;
				CLANG_WARN_BLOCK_CAPTURE_AUTORELEASING = YES;
				CLANG_WARN_BOOL_CONVERSION = YES;
				CLANG_WARN_COMMA = YES;
				CLANG_WARN_CONSTANT_CONVERSION = YES;
				CLANG_WARN_DEPRECATED_OBJC_IMPLEMENTATIONS = YES;
				CLANG_WARN_DIRECT_OBJC_ISA_USAGE = YES_ERROR;
				CLANG_WARN_DOCUMENTATION_COMMENTS = YES;
				CLANG_WARN_EMPTY_BODY = YES;
				CLANG_WARN_ENUM_CONVERSION = YES;
				CLANG_WARN_INFINITE_RECURSION = YES;
				CLANG_WARN_INT_CONVERSION = YES;
				CLANG_WARN_NON_LITERAL_NULL_CONVERSION = YES;
				CLANG_WARN_OBJC_IMPLICIT_RETAIN_SELF = YES;
				CLANG_WARN_OBJC_LITERAL_CONVERSION = YES;
				CLANG_WARN_OBJC_ROOT_CLASS = YES_ERROR;
				CLANG_WARN_QUOTED_INCLUDE_IN_FRAMEWORK_HEADER = YES;
				CLANG_WARN_RANGE_LOOP_ANALYSIS = YES;
				CLANG_WARN_STRICT_PROTOTYPES = YES;
				CLANG_WARN_SUSPICIOUS_MOVE = YES;
				CLANG_WARN_UNGUARDED_AVAILABILITY = YES_AGGRESSIVE;
				CLANG_WARN_UNREACHABLE_CODE = YES;
				CLANG_WARN__DUPLICATE_METHOD_MATCH = YES;
				COPY_PHASE_STRIP = NO;
				DEBUG_INFORMATION_FORMAT = "dwarf-with-dsym";
				ENABLE_NS_ASSERTIONS = NO;
				ENABLE_STRICT_OBJC_MSGSEND = YES;
				GCC_C_LANGUAGE_STANDARD = gnu11;
				GCC_NO_COMMON_BLOCKS = YES;
				GCC_WARN_64_TO_32_BIT_CONVERSION = YES;
				GCC_WARN_ABOUT_RETURN_TYPE = YES_ERROR;
				GCC_WARN_UNDECLARED_SELECTOR = YES;
				GCC_WARN_UNINITIALIZED_AUTOS = YES_AGGRESSIVE;
				GCC_WARN_UNUSED_FUNCTION = YES;
				GCC_WARN_UNUSED_VARIABLE = YES;
				IPHONEOS_DEPLOYMENT_TARGET = 16.1;
				MTL_ENABLE_DEBUG_INFO = NO;
				MTL_FAST_MATH = YES;
				SDKROOT = iphoneos;
				SWIFT_COMPILATION_MODE = wholemodule;
				SWIFT_OPTIMIZATION_LEVEL = "-O";
				VALIDATE_PRODUCT = YES;
			};
			name = Release;
		};
		DDDAFD1D2922461700C58634 /* Debug */ = {
			isa = XCBuildConfiguration;
			buildSettings = {
				ASSETCATALOG_COMPILER_APPICON_NAME = AppIcon;
				ASSETCATALOG_COMPILER_GLOBAL_ACCENT_COLOR_NAME = AccentColor;
				CODE_SIGN_STYLE = Automatic;
				CURRENT_PROJECT_VERSION = 1;
				DEVELOPMENT_TEAM = 2X567257D5;
				GENERATE_INFOPLIST_FILE = YES;
				INFOPLIST_FILE = testFastlane/Info.plist;
				INFOPLIST_KEY_UIApplicationSupportsIndirectInputEvents = YES;
				INFOPLIST_KEY_UILaunchStoryboardName = LaunchScreen;
				INFOPLIST_KEY_UIMainStoryboardFile = Main;
				INFOPLIST_KEY_UISupportedInterfaceOrientations_iPad = "UIInterfaceOrientationPortrait UIInterfaceOrientationPortraitUpsideDown UIInterfaceOrientationLandscapeLeft UIInterfaceOrientationLandscapeRight";
				INFOPLIST_KEY_UISupportedInterfaceOrientations_iPhone = "UIInterfaceOrientationPortrait UIInterfaceOrientationLandscapeLeft UIInterfaceOrientationLandscapeRight";
				LD_RUNPATH_SEARCH_PATHS = (
					"$(inherited)",
					"@executable_path/Frameworks",
				);
				MARKETING_VERSION = 1.0;
				PRODUCT_BUNDLE_IDENTIFIER = com.puyue.testFastlane;
				PRODUCT_NAME = "$(TARGET_NAME)";
				SWIFT_EMIT_LOC_STRINGS = YES;
				SWIFT_VERSION = 5.0;
				TARGETED_DEVICE_FAMILY = "1,2";
			};
			name = Debug;
		};
		DDDAFD1E2922461700C58634 /* Release */ = {
			isa = XCBuildConfiguration;
			buildSettings = {
				ASSETCATALOG_COMPILER_APPICON_NAME = AppIcon;
				ASSETCATALOG_COMPILER_GLOBAL_ACCENT_COLOR_NAME = AccentColor;
				CODE_SIGN_STYLE = Automatic;
				CURRENT_PROJECT_VERSION = 1;
				DEVELOPMENT_TEAM = 2X567257D5;
				GENERATE_INFOPLIST_FILE = YES;
				INFOPLIST_FILE = testFastlane/Info.plist;
				INFOPLIST_KEY_UIApplicationSupportsIndirectInputEvents = YES;
				INFOPLIST_KEY_UILaunchStoryboardName = LaunchScreen;
				INFOPLIST_KEY_UIMainStoryboardFile = Main;
				INFOPLIST_KEY_UISupportedInterfaceOrientations_iPad = "UIInterfaceOrientationPortrait UIInterfaceOrientationPortraitUpsideDown UIInterfaceOrientationLandscapeLeft UIInterfaceOrientationLandscapeRight";
				INFOPLIST_KEY_UISupportedInterfaceOrientations_iPhone = "UIInterfaceOrientationPortrait UIInterfaceOrientationLandscapeLeft UIInterfaceOrientationLandscapeRight";
				LD_RUNPATH_SEARCH_PATHS = (
					"$(inherited)",
					"@executable_path/Frameworks",
				);
				MARKETING_VERSION = 1.0;
				PRODUCT_BUNDLE_IDENTIFIER = com.puyue.testFastlane;
				PRODUCT_NAME = "$(TARGET_NAME)";
				SWIFT_EMIT_LOC_STRINGS = YES;
				SWIFT_VERSION = 5.0;
				TARGETED_DEVICE_FAMILY = "1,2";
			};
			name = Release;
		};
		DDDAFD202922461700C58634 /* Debug */ = {
			isa = XCBuildConfiguration;
			buildSettings = {
				ALWAYS_EMBED_SWIFT_STANDARD_LIBRARIES = YES;
				BUNDLE_LOADER = "$(TEST_HOST)";
				CODE_SIGN_STYLE = Automatic;
				CURRENT_PROJECT_VERSION = 1;
				DEVELOPMENT_TEAM = 2X567257D5;
				GENERATE_INFOPLIST_FILE = YES;
				IPHONEOS_DEPLOYMENT_TARGET = 16.1;
				MARKETING_VERSION = 1.0;
				PRODUCT_BUNDLE_IDENTIFIER = com.puyue.testFastlaneTests;
				PRODUCT_NAME = "$(TARGET_NAME)";
				SWIFT_EMIT_LOC_STRINGS = NO;
				SWIFT_VERSION = 5.0;
				TARGETED_DEVICE_FAMILY = "1,2";
				TEST_HOST = "$(BUILT_PRODUCTS_DIR)/testFastlane.app/$(BUNDLE_EXECUTABLE_FOLDER_PATH)/testFastlane";
			};
			name = Debug;
		};
		DDDAFD212922461700C58634 /* Release */ = {
			isa = XCBuildConfiguration;
			buildSettings = {
				ALWAYS_EMBED_SWIFT_STANDARD_LIBRARIES = YES;
				BUNDLE_LOADER = "$(TEST_HOST)";
				CODE_SIGN_STYLE = Automatic;
				CURRENT_PROJECT_VERSION = 1;
				DEVELOPMENT_TEAM = 2X567257D5;
				GENERATE_INFOPLIST_FILE = YES;
				IPHONEOS_DEPLOYMENT_TARGET = 16.1;
				MARKETING_VERSION = 1.0;
				PRODUCT_BUNDLE_IDENTIFIER = com.puyue.testFastlaneTests;
				PRODUCT_NAME = "$(TARGET_NAME)";
				SWIFT_EMIT_LOC_STRINGS = NO;
				SWIFT_VERSION = 5.0;
				TARGETED_DEVICE_FAMILY = "1,2";
				TEST_HOST = "$(BUILT_PRODUCTS_DIR)/testFastlane.app/$(BUNDLE_EXECUTABLE_FOLDER_PATH)/testFastlane";
			};
			name = Release;
		};
		DDDAFD232922461700C58634 /* Debug */ = {
			isa = XCBuildConfiguration;
			buildSettings = {
				ALWAYS_EMBED_SWIFT_STANDARD_LIBRARIES = YES;
				CODE_SIGN_STYLE = Automatic;
				CURRENT_PROJECT_VERSION = 1;
				DEVELOPMENT_TEAM = 2X567257D5;
				GENERATE_INFOPLIST_FILE = YES;
				MARKETING_VERSION = 1.0;
				PRODUCT_BUNDLE_IDENTIFIER = com.puyue.testFastlaneUITests;
				PRODUCT_NAME = "$(TARGET_NAME)";
				SWIFT_EMIT_LOC_STRINGS = NO;
				SWIFT_VERSION = 5.0;
				TARGETED_DEVICE_FAMILY = "1,2";
				TEST_TARGET_NAME = testFastlane;
			};
			name = Debug;
		};
		DDDAFD242922461700C58634 /* Release */ = {
			isa = XCBuildConfiguration;
			buildSettings = {
				ALWAYS_EMBED_SWIFT_STANDARD_LIBRARIES = YES;
				CODE_SIGN_STYLE = Automatic;
				CURRENT_PROJECT_VERSION = 1;
				DEVELOPMENT_TEAM = 2X567257D5;
				GENERATE_INFOPLIST_FILE = YES;
				MARKETING_VERSION = 1.0;
				PRODUCT_BUNDLE_IDENTIFIER = com.puyue.testFastlaneUITests;
				PRODUCT_NAME = "$(TARGET_NAME)";
				SWIFT_EMIT_LOC_STRINGS = NO;
				SWIFT_VERSION = 5.0;
				TARGETED_DEVICE_FAMILY = "1,2";
				TEST_TARGET_NAME = testFastlane;
			};
			name = Release;
		};
/* End XCBuildConfiguration section */

/* Begin XCConfigurationList section */
		DDDAFCED2922461500C58634 /* Build configuration list for PBXProject "testFastlane" */ = {
			isa = XCConfigurationList;
			buildConfigurations = (
				DDDAFD1A2922461700C58634 /* Debug */,
				DDDAFD1B2922461700C58634 /* Release */,
			);
			defaultConfigurationIsVisible = 0;
			defaultConfigurationName = Release;
		};
		DDDAFD1C2922461700C58634 /* Build configuration list for PBXNativeTarget "testFastlane" */ = {
			isa = XCConfigurationList;
			buildConfigurations = (
				DDDAFD1D2922461700C58634 /* Debug */,
				DDDAFD1E2922461700C58634 /* Release */,
			);
			defaultConfigurationIsVisible = 0;
			defaultConfigurationName = Release;
		};
		DDDAFD1F2922461700C58634 /* Build configuration list for PBXNativeTarget "testFastlaneTests" */ = {
			isa = XCConfigurationList;
			buildConfigurations = (
				DDDAFD202922461700C58634 /* Debug */,
				DDDAFD212922461700C58634 /* Release */,
			);
			defaultConfigurationIsVisible = 0;
			defaultConfigurationName = Release;
		};
		DDDAFD222922461700C58634 /* Build configuration list for PBXNativeTarget "testFastlaneUITests" */ = {
			isa = XCConfigurationList;
			buildConfigurations = (
				DDDAFD232922461700C58634 /* Debug */,
				DDDAFD242922461700C58634 /* Release */,
			);
			defaultConfigurationIsVisible = 0;
			defaultConfigurationName = Release;
		};
/* End XCConfigurationList section */
	};
	rootObject = DDDAFCEA2922461500C58634 /* Project object */;
}
